# This file is automatically @generated by Poetry and should not be changed by hand.

[[package]]
name = "certifi"
version = "2022.12.7"
description = "Python package for providing Mozilla's CA Bundle."
category = "main"
optional = false
python-versions = ">=3.6"
files = [
    {file = "certifi-2022.12.7-py3-none-any.whl", hash = "sha256:4ad3232f5e926d6718ec31cfc1fcadfde020920e278684144551c91769c7bc18"},
    {file = "certifi-2022.12.7.tar.gz", hash = "sha256:35824b4c3a97115964b408844d64aa14db1cc518f6562e8d7261699d1350a9e3"},
]

[[package]]
name = "charset-normalizer"
version = "2.1.1"
description = "The Real First Universal Charset Detector. Open, modern and actively maintained alternative to Chardet."
category = "main"
optional = false
python-versions = ">=3.6.0"
files = [
    {file = "charset-normalizer-2.1.1.tar.gz", hash = "sha256:5a3d016c7c547f69d6f81fb0db9449ce888b418b5b9952cc5e6e66843e9dd845"},
    {file = "charset_normalizer-2.1.1-py3-none-any.whl", hash = "sha256:83e9a75d1911279afd89352c68b45348559d1fc0506b054b346651b5e7fee29f"},
]

[package.extras]
unicode-backport = ["unicodedata2"]

[[package]]
name = "idna"
version = "3.4"
description = "Internationalized Domain Names in Applications (IDNA)"
category = "main"
optional = false
python-versions = ">=3.5"
files = [
    {file = "idna-3.4-py3-none-any.whl", hash = "sha256:90b77e79eaa3eba6de819a0c442c0b4ceefc341a7a2ab77d7562bf49f425c5c2"},
    {file = "idna-3.4.tar.gz", hash = "sha256:814f528e8dead7d329833b91c5faa87d60bf71824cd12a7530b5526063d02cb4"},
]

[[package]]
name = "pillow"
version = "3.0.0"
description = "Python Imaging Library (Fork)"
category = "main"
optional = false
python-versions = "*"
files = [
    {file = "Pillow-3.0.0-cp26-none-win32.whl", hash = "sha256:275fd1ac025e514c10e0283d3e47ed6dd2a28f84eb77d6e7ba1fb5117050224e"},
    {file = "Pillow-3.0.0-cp26-none-win_amd64.whl", hash = "sha256:47feef511e8fe5d66eb18fc232c4d845e86cd469a46121959cdb34cec51c4c95"},
    {file = "Pillow-3.0.0-cp27-none-macosx_10_6_intel.macosx_10_9_intel.macosx_10_9_x86_64.macosx_10_10_intel.macosx_10_10_x86_64.whl", hash = "sha256:31dc9fa28a7d9dadff4610c2a944f6562887be059f6a28970d8550009f3767c4"},
    {file = "Pillow-3.0.0-cp27-none-win32.whl", hash = "sha256:4eee1eb18570e2afab84f997f05617dc056095640dc499d258592de1f16e00da"},
    {file = "Pillow-3.0.0-cp27-none-win_amd64.whl", hash = "sha256:4c07aca57e176419938d1d5208f351e21114bfd37b75b7551363362584ae494f"},
    {file = "Pillow-3.0.0-cp32-cp32m-macosx_10_6_intel.macosx_10_9_intel.macosx_10_9_x86_64.macosx_10_10_intel.macosx_10_10_x86_64.whl", hash = "sha256:7402e73a8825947863fb01ab5cf20733610bfa99cf684f2b26519ce080ac7458"},
    {file = "Pillow-3.0.0-cp32-none-win32.whl", hash = "sha256:66a3757ac414232004fc605684bffdc45d234e9e4e9e840a61e9780a6eb9afc3"},
    {file = "Pillow-3.0.0-cp32-none-win_amd64.whl", hash = "sha256:5cf7576e142195f6d76a5fffe15186a66d8457f6c604415f2de0b3267628350d"},
    {file = "Pillow-3.0.0-cp33-cp33m-macosx_10_6_intel.macosx_10_9_intel.macosx_10_9_x86_64.macosx_10_10_intel.macosx_10_10_x86_64.whl", hash = "sha256:5f0d5d60ed7715f28415f1c3181756ea2a866acdee5c3cd377fec98ca0af9867"},
    {file = "Pillow-3.0.0-cp33-none-win32.whl", hash = "sha256:85c7e8242bda80f4799826c3b85edd10b03c5dfe19c90d995ff37a64d0a87f2a"},
    {file = "Pillow-3.0.0-cp33-none-win_amd64.whl", hash = "sha256:e0a5720058d370c5c290e13bdf950b72af23fe25495472ac86a8336da5a595e5"},
    {file = "Pillow-3.0.0-cp34-cp34m-macosx_10_6_intel.macosx_10_9_intel.macosx_10_9_x86_64.macosx_10_10_intel.macosx_10_10_x86_64.whl", hash = "sha256:41850ea05463336f6fad89841c3387aa1f01aa5b76ac376724e4f36f6d54d86c"},
    {file = "Pillow-3.0.0-cp34-none-win32.whl", hash = "sha256:ea8ea1c323f5f1e7fe214b98ec125e371e626c1eb06cf7bb06c0e36aadae1dd4"},
    {file = "Pillow-3.0.0-cp34-none-win_amd64.whl", hash = "sha256:46721d642857f83f36b105d3256af5c2ad2714fa08afb80a91b515eac8963e90"},
    {file = "Pillow-3.0.0-cp35-cp35m-macosx_10_6_intel.macosx_10_9_intel.macosx_10_9_x86_64.macosx_10_10_intel.macosx_10_10_x86_64.whl", hash = "sha256:07849f8d08c3f47dd7759ed5b0a070e6de8a2cef47ae3c39f94d076fcad02875"},
    {file = "Pillow-3.0.0-cp35-none-win32.whl", hash = "sha256:0b9e31e9f4471ef7931e74a614d1cdecea0ebdd6fb5e085826deb76d7b0f41f7"},
    {file = "Pillow-3.0.0-cp35-none-win_amd64.whl", hash = "sha256:fdccf59abb98a033685aadc2e0e63989c3a7a5e3a91006f67684850bb24d8f7b"},
    {file = "Pillow-3.0.0.tar.gz", hash = "sha256:ad50bef540fe5518a4653c3820452a881b6a042cb0f8bb7657c491c6bd3654bb"},
    {file = "Pillow-3.0.0.zip", hash = "sha256:0024fce578547a3da92579a163bae09b1d9f0baf3cd8e4a893dc6c11e4e624bb"},
]

[[package]]
name = "requests"
version = "2.28.1"
description = "Python HTTP for Humans."
category = "main"
optional = false
python-versions = ">=3.7, <4"
files = [
    {file = "requests-2.28.1-py3-none-any.whl", hash = "sha256:8fefa2a1a1365bf5520aac41836fbee479da67864514bdb821f31ce07ce65349"},
    {file = "requests-2.28.1.tar.gz", hash = "sha256:7c5599b102feddaa661c826c56ab4fee28bfd17f5abca1ebbe3e7f19d7c97983"},
]

[package.dependencies]
certifi = ">=2017.4.17"
charset-normalizer = ">=2,<3"
idna = ">=2.5,<4"
urllib3 = ">=1.21.1,<1.27"

[package.extras]
socks = ["PySocks (>=1.5.6,!=1.5.7)"]
use-chardet-on-py3 = ["chardet (>=3.0.2,<6)"]

[[package]]
name = "urllib3"
version = "1.26.13"
description = "HTTP library with thread-safe connection pooling, file post, and more."
category = "main"
optional = false
python-versions = ">=2.7, !=3.0.*, !=3.1.*, !=3.2.*, !=3.3.*, !=3.4.*, !=3.5.*"
files = [
    {file = "urllib3-1.26.13-py2.py3-none-any.whl", hash = "sha256:47cc05d99aaa09c9e72ed5809b60e7ba354e64b59c9c173ac3018642d8bb41fc"},
    {file = "urllib3-1.26.13.tar.gz", hash = "sha256:c083dd0dce68dbfbe1129d5271cb90f9447dea7d52097c6e0126120c521ddea8"},
]

[package.extras]
brotli = ["brotli (>=1.0.9)", "brotlicffi (>=0.8.0)", "brotlipy (>=0.6.0)"]
secure = ["certifi", "cryptography (>=1.3.4)", "idna (>=2.0.0)", "ipaddress", "pyOpenSSL (>=0.14)", "urllib3-secure-extra"]
socks = ["PySocks (>=1.5.6,!=1.5.7,<2.0)"]

[metadata]
lock-version = "2.0"
python-versions = "^3.10"
content-hash = "0ef3f14a809ee53341555eb865364d012f3d284e7aa52915c5dd3e6adb147ea8"
